
Microsoft Visual Studio Solution File, Format Version 12.00
# Visual Studio Version 17
VisualStudioVersion = 17.14.36511.14
MinimumVisualStudioVersion = 10.0.40219.1
Project("{FAE04EC0-301F-11D3-BF4B-00C04F79EFBC}") = "ASP-A1.2_Ejercicios_de_manejo_de_excepciones", "ASP-A1.2_Ejercicios_de_manejo_de_excepciones\ASP-A1.2_Ejercicios_de_manejo_de_excepciones.csproj", "{5C433F5C-D97E-4E2E-9B8A-7ED3F41C2028}"
EndProject
Project("{FAE04EC0-301F-11D3-BF4B-00C04F79EFBC}") = "Ejercicio1", "Ejercicio1\Ejercicio1.csproj", "{58304DDC-4FF4-48AE-B2D0-756A90F54786}"
EndProject
Project("{FAE04EC0-301F-11D3-BF4B-00C04F79EFBC}") = "Ejercicio2", "Ejercicio2\Ejercicio2.csproj", "{320D3A4F-7A56-4EFF-AECE-8D3DEFD4B61F}"
EndProject
Project("{FAE04EC0-301F-11D3-BF4B-00C04F79EFBC}") = "Ejercicio3", "Ejercicio3\Ejercicio3.csproj", "{83B5824D-9F18-4955-A8FF-686BFC3889F4}"
EndProject
Project("{FAE04EC0-301F-11D3-BF4B-00C04F79EFBC}") = "Ejercicio4", "Ejercicio4\Ejercicio4.csproj", "{D6463319-E2B3-4CAF-B351-468E6712CBC1}"
EndProject
Global
	GlobalSection(SolutionConfigurationPlatforms) = preSolution
		Debug|Any CPU = Debug|Any CPU
		Release|Any CPU = Release|Any CPU
	EndGlobalSection
	GlobalSection(ProjectConfigurationPlatforms) = postSolution
		{5C433F5C-D97E-4E2E-9B8A-7ED3F41C2028}.Debug|Any CPU.ActiveCfg = Debug|Any CPU
		{5C433F5C-D97E-4E2E-9B8A-7ED3F41C2028}.Debug|Any CPU.Build.0 = Debug|Any CPU
		{5C433F5C-D97E-4E2E-9B8A-7ED3F41C2028}.Release|Any CPU.ActiveCfg = Release|Any CPU
		{5C433F5C-D97E-4E2E-9B8A-7ED3F41C2028}.Release|Any CPU.Build.0 = Release|Any CPU
		{58304DDC-4FF4-48AE-B2D0-756A90F54786}.Debug|Any CPU.ActiveCfg = Debug|Any CPU
		{58304DDC-4FF4-48AE-B2D0-756A90F54786}.Debug|Any CPU.Build.0 = Debug|Any CPU
		{58304DDC-4FF4-48AE-B2D0-756A90F54786}.Release|Any CPU.ActiveCfg = Release|Any CPU
		{58304DDC-4FF4-48AE-B2D0-756A90F54786}.Release|Any CPU.Build.0 = Release|Any CPU
		{320D3A4F-7A56-4EFF-AECE-8D3DEFD4B61F}.Debug|Any CPU.ActiveCfg = Debug|Any CPU
		{320D3A4F-7A56-4EFF-AECE-8D3DEFD4B61F}.Debug|Any CPU.Build.0 = Debug|Any CPU
		{320D3A4F-7A56-4EFF-AECE-8D3DEFD4B61F}.Release|Any CPU.ActiveCfg = Release|Any CPU
		{320D3A4F-7A56-4EFF-AECE-8D3DEFD4B61F}.Release|Any CPU.Build.0 = Release|Any CPU
		{83B5824D-9F18-4955-A8FF-686BFC3889F4}.Debug|Any CPU.ActiveCfg = Debug|Any CPU
		{83B5824D-9F18-4955-A8FF-686BFC3889F4}.Debug|Any CPU.Build.0 = Debug|Any CPU
		{83B5824D-9F18-4955-A8FF-686BFC3889F4}.Release|Any CPU.ActiveCfg = Release|Any CPU
		{83B5824D-9F18-4955-A8FF-686BFC3889F4}.Release|Any CPU.Build.0 = Release|Any CPU
		{D6463319-E2B3-4CAF-B351-468E6712CBC1}.Debug|Any CPU.ActiveCfg = Debug|Any CPU
		{D6463319-E2B3-4CAF-B351-468E6712CBC1}.Debug|Any CPU.Build.0 = Debug|Any CPU
		{D6463319-E2B3-4CAF-B351-468E6712CBC1}.Release|Any CPU.ActiveCfg = Release|Any CPU
		{D6463319-E2B3-4CAF-B351-468E6712CBC1}.Release|Any CPU.Build.0 = Release|Any CPU
	EndGlobalSection
	GlobalSection(SolutionProperties) = preSolution
		HideSolutionNode = FALSE
	EndGlobalSection
	GlobalSection(ExtensibilityGlobals) = postSolution
		SolutionGuid = {22F8B656-4B59-4FBE-8DC7-52EC2811FD99}
	EndGlobalSection
EndGlobal
